
Microsoft Visual Studio Solution File, Format Version 12.00
# Visual Studio 14
VisualStudioVersion = 14.0.25420.1
MinimumVisualStudioVersion = 10.0.40219.1
Project("{FAE04EC0-301F-11D3-BF4B-00C04F79EFBC}") = "OvallesEjemplo", "OvallesEjemplo\OvallesEjemplo.csproj", "{AD74B8D0-6AC6-4B05-BCCA-8A07823DB875}"
EndProject
Global
	GlobalSection(SolutionConfigurationPlatforms) = preSolution
		Debug|Any CPU = Debug|Any CPU
		Release|Any CPU = Release|Any CPU
	EndGlobalSection
	GlobalSection(ProjectConfigurationPlatforms) = postSolution
		{AD74B8D0-6AC6-4B05-BCCA-8A07823DB875}.Debug|Any CPU.ActiveCfg = Debug|Any CPU
		{AD74B8D0-6AC6-4B05-BCCA-8A07823DB875}.Debug|Any CPU.Build.0 = Debug|Any CPU
		{AD74B8D0-6AC6-4B05-BCCA-8A07823DB875}.Release|Any CPU.ActiveCfg = Release|Any CPU
		{AD74B8D0-6AC6-4B05-BCCA-8A07823DB875}.Release|Any CPU.Build.0 = Release|Any CPU
	EndGlobalSection
	GlobalSection(SolutionProperties) = preSolution
		HideSolutionNode = FALSE
	EndGlobalSection
EndGlobal
